
Microsoft Visual Studio Solution File, Format Version 12.00
# Visual Studio Version 16
VisualStudioVersion = 16.0.31515.178
MinimumVisualStudioVersion = 10.0.40219.1
Project("{9A19103F-16F7-4668-BE54-9A1E7A4F7556}") = "Library.Modules.Lending.Domain", "src\Modules\Lending\Domain\Library.Modules.Lending.Domain.csproj", "{5A20D451-0FEB-425A-AF78-A25FA9370A22}"
EndProject
Project("{2150E333-8FDC-42A3-9474-1A3956D46DE8}") = "src", "src", "{77F9F4E7-8980-47A1-ABC2-9F763E783859}"
EndProject
Project("{2150E333-8FDC-42A3-9474-1A3956D46DE8}") = "tests", "tests", "{A2C6216F-5F36-46BF-B013-ED3E7635E922}"
EndProject
Project("{2150E333-8FDC-42A3-9474-1A3956D46DE8}") = "Modules", "Modules", "{62E3F4EB-E564-41F4-AAEC-37C13AE5F1B2}"
EndProject
Project("{2150E333-8FDC-42A3-9474-1A3956D46DE8}") = "Catalogue", "Catalogue", "{0DE34DA0-3EC2-47B2-AF45-F6636BB29713}"
EndProject
Project("{2150E333-8FDC-42A3-9474-1A3956D46DE8}") = "Lending", "Lending", "{ABF7DA88-5202-4AAC-82F1-BDB2DFAF884E}"
EndProject
Project("{2150E333-8FDC-42A3-9474-1A3956D46DE8}") = "Application", "Application", "{566B96C3-7151-439E-812C-428B1C48117F}"
EndProject
Project("{2150E333-8FDC-42A3-9474-1A3956D46DE8}") = "Domain", "Domain", "{806579C2-3C7B-48ED-8020-74271718FB30}"
EndProject
Project("{2150E333-8FDC-42A3-9474-1A3956D46DE8}") = "Infrastructure", "Infrastructure", "{16412AFF-C4D5-4669-BAFD-E9961FF93718}"
EndProject
Project("{2150E333-8FDC-42A3-9474-1A3956D46DE8}") = "Domain", "Domain", "{EBBDC3C9-BB37-474C-9104-CC5050093694}"
EndProject
Project("{2150E333-8FDC-42A3-9474-1A3956D46DE8}") = "Infrastructure", "Infrastructure", "{94DC0FCE-455C-4DD4-8EE9-5A4F9499B3AC}"
EndProject
Project("{9A19103F-16F7-4668-BE54-9A1E7A4F7556}") = "Library.Modules.Catalogue.Domain", "src\Modules\Catalogue\Domain\Library.Modules.Catalogue.Domain.csproj", "{63B4DFC3-64FE-4C4F-9585-4FAFCABD9865}"
EndProject
Project("{2150E333-8FDC-42A3-9474-1A3956D46DE8}") = "BuildingBlocks", "BuildingBlocks", "{C8209DC6-06E3-4CFE-A0D9-F76C1E39FED4}"
EndProject
Project("{2150E333-8FDC-42A3-9474-1A3956D46DE8}") = "Domain", "Domain", "{03FAA15B-E836-4E22-A48C-C1C9B0E53F3F}"
EndProject
Project("{9A19103F-16F7-4668-BE54-9A1E7A4F7556}") = "Library.BuildingBlocks.Domain", "src\BuildingBlocks\Domain\Library.BuildingBlocks.Domain.csproj", "{5E67069D-E9C6-4E30-A31A-27EBEA2B440D}"
EndProject
Project("{2150E333-8FDC-42A3-9474-1A3956D46DE8}") = "Domain", "Domain", "{09ED0D5D-0D16-4C66-8C30-F91F24865523}"
EndProject
Project("{2150E333-8FDC-42A3-9474-1A3956D46DE8}") = "Lending", "Lending", "{FFA0D2C6-5435-4B70-B7D1-91ACFD2D5992}"
EndProject
Project("{FAE04EC0-301F-11D3-BF4B-00C04F79EFBC}") = "Library.Modules.Lending.Domain.UnitTests", "tests\UnitTests\Modules\Lending\Domain\Library.Modules.Lending.Domain.UnitTests\Library.Modules.Lending.Domain.UnitTests.csproj", "{1344B9F1-754A-45F1-A71E-1C1FB24CC87B}"
EndProject
Global
	GlobalSection(SolutionConfigurationPlatforms) = preSolution
		Debug|Any CPU = Debug|Any CPU
		Release|Any CPU = Release|Any CPU
	EndGlobalSection
	GlobalSection(ProjectConfigurationPlatforms) = postSolution
		{5A20D451-0FEB-425A-AF78-A25FA9370A22}.Debug|Any CPU.ActiveCfg = Debug|Any CPU
		{5A20D451-0FEB-425A-AF78-A25FA9370A22}.Debug|Any CPU.Build.0 = Debug|Any CPU
		{5A20D451-0FEB-425A-AF78-A25FA9370A22}.Release|Any CPU.ActiveCfg = Release|Any CPU
		{5A20D451-0FEB-425A-AF78-A25FA9370A22}.Release|Any CPU.Build.0 = Release|Any CPU
		{63B4DFC3-64FE-4C4F-9585-4FAFCABD9865}.Debug|Any CPU.ActiveCfg = Debug|Any CPU
		{63B4DFC3-64FE-4C4F-9585-4FAFCABD9865}.Debug|Any CPU.Build.0 = Debug|Any CPU
		{63B4DFC3-64FE-4C4F-9585-4FAFCABD9865}.Release|Any CPU.ActiveCfg = Release|Any CPU
		{63B4DFC3-64FE-4C4F-9585-4FAFCABD9865}.Release|Any CPU.Build.0 = Release|Any CPU
		{5E67069D-E9C6-4E30-A31A-27EBEA2B440D}.Debug|Any CPU.ActiveCfg = Debug|Any CPU
		{5E67069D-E9C6-4E30-A31A-27EBEA2B440D}.Debug|Any CPU.Build.0 = Debug|Any CPU
		{5E67069D-E9C6-4E30-A31A-27EBEA2B440D}.Release|Any CPU.ActiveCfg = Release|Any CPU
		{5E67069D-E9C6-4E30-A31A-27EBEA2B440D}.Release|Any CPU.Build.0 = Release|Any CPU
		{1344B9F1-754A-45F1-A71E-1C1FB24CC87B}.Debug|Any CPU.ActiveCfg = Debug|Any CPU
		{1344B9F1-754A-45F1-A71E-1C1FB24CC87B}.Debug|Any CPU.Build.0 = Debug|Any CPU
		{1344B9F1-754A-45F1-A71E-1C1FB24CC87B}.Release|Any CPU.ActiveCfg = Release|Any CPU
		{1344B9F1-754A-45F1-A71E-1C1FB24CC87B}.Release|Any CPU.Build.0 = Release|Any CPU
	EndGlobalSection
	GlobalSection(SolutionProperties) = preSolution
		HideSolutionNode = FALSE
	EndGlobalSection
	GlobalSection(NestedProjects) = preSolution
		{5A20D451-0FEB-425A-AF78-A25FA9370A22} = {806579C2-3C7B-48ED-8020-74271718FB30}
		{62E3F4EB-E564-41F4-AAEC-37C13AE5F1B2} = {77F9F4E7-8980-47A1-ABC2-9F763E783859}
		{0DE34DA0-3EC2-47B2-AF45-F6636BB29713} = {62E3F4EB-E564-41F4-AAEC-37C13AE5F1B2}
		{ABF7DA88-5202-4AAC-82F1-BDB2DFAF884E} = {62E3F4EB-E564-41F4-AAEC-37C13AE5F1B2}
		{566B96C3-7151-439E-812C-428B1C48117F} = {ABF7DA88-5202-4AAC-82F1-BDB2DFAF884E}
		{806579C2-3C7B-48ED-8020-74271718FB30} = {ABF7DA88-5202-4AAC-82F1-BDB2DFAF884E}
		{16412AFF-C4D5-4669-BAFD-E9961FF93718} = {ABF7DA88-5202-4AAC-82F1-BDB2DFAF884E}
		{EBBDC3C9-BB37-474C-9104-CC5050093694} = {0DE34DA0-3EC2-47B2-AF45-F6636BB29713}
		{94DC0FCE-455C-4DD4-8EE9-5A4F9499B3AC} = {0DE34DA0-3EC2-47B2-AF45-F6636BB29713}
		{63B4DFC3-64FE-4C4F-9585-4FAFCABD9865} = {EBBDC3C9-BB37-474C-9104-CC5050093694}
		{C8209DC6-06E3-4CFE-A0D9-F76C1E39FED4} = {77F9F4E7-8980-47A1-ABC2-9F763E783859}
		{03FAA15B-E836-4E22-A48C-C1C9B0E53F3F} = {C8209DC6-06E3-4CFE-A0D9-F76C1E39FED4}
		{5E67069D-E9C6-4E30-A31A-27EBEA2B440D} = {03FAA15B-E836-4E22-A48C-C1C9B0E53F3F}
		{09ED0D5D-0D16-4C66-8C30-F91F24865523} = {FFA0D2C6-5435-4B70-B7D1-91ACFD2D5992}
		{FFA0D2C6-5435-4B70-B7D1-91ACFD2D5992} = {A2C6216F-5F36-46BF-B013-ED3E7635E922}
		{1344B9F1-754A-45F1-A71E-1C1FB24CC87B} = {09ED0D5D-0D16-4C66-8C30-F91F24865523}
	EndGlobalSection
	GlobalSection(ExtensibilityGlobals) = postSolution
		SolutionGuid = {D4DB56A1-190C-4896-A0CA-528A48741515}
	EndGlobalSection
EndGlobal
